
Microsoft Visual Studio Solution File, Format Version 12.00
# Visual Studio Version 16
VisualStudioVersion = 16.0.29920.165
MinimumVisualStudioVersion = 10.0.40219.1
Project("{9A19103F-16F7-4668-BE54-9A1E7A4F7556}") = "WorkloadsDb.Abstract", "WorkloadsDb.Abstract\WorkloadsDb.Abstract.csproj", "{95C63D23-2D9C-4128-9D31-F9B37D90F307}"
EndProject
Project("{9A19103F-16F7-4668-BE54-9A1E7A4F7556}") = "WorkloadsDb.Configuration", "WorkloadsDb.Configuration\WorkloadsDb.Configuration.csproj", "{453031C9-4537-4422-B465-C848DEE800CD}"
EndProject
Project("{9A19103F-16F7-4668-BE54-9A1E7A4F7556}") = "WorkloadsDb", "WorkloadsDb\WorkloadsDb.csproj", "{4D121BAB-6567-4F99-9349-406BDF29A817}"
EndProject
Project("{9A19103F-16F7-4668-BE54-9A1E7A4F7556}") = "WorkloadsDb.Model", "WorkloadsDb.Model\WorkloadsDb.Model.csproj", "{D0FE42C7-DF83-4FD2-A899-0E2B18E86509}"
EndProject
Project("{FAE04EC0-301F-11D3-BF4B-00C04F79EFBC}") = "WorkloadsClient", "WorkloadsClient\WorkloadsClient.csproj", "{7BA4D424-1724-4779-890B-AF5103FFC187}"
EndProject
Global
	GlobalSection(SolutionConfigurationPlatforms) = preSolution
		Debug|Any CPU = Debug|Any CPU
		Release|Any CPU = Release|Any CPU
	EndGlobalSection
	GlobalSection(ProjectConfigurationPlatforms) = postSolution
		{95C63D23-2D9C-4128-9D31-F9B37D90F307}.Debug|Any CPU.ActiveCfg = Debug|Any CPU
		{95C63D23-2D9C-4128-9D31-F9B37D90F307}.Debug|Any CPU.Build.0 = Debug|Any CPU
		{95C63D23-2D9C-4128-9D31-F9B37D90F307}.Release|Any CPU.ActiveCfg = Release|Any CPU
		{95C63D23-2D9C-4128-9D31-F9B37D90F307}.Release|Any CPU.Build.0 = Release|Any CPU
		{453031C9-4537-4422-B465-C848DEE800CD}.Debug|Any CPU.ActiveCfg = Debug|Any CPU
		{453031C9-4537-4422-B465-C848DEE800CD}.Debug|Any CPU.Build.0 = Debug|Any CPU
		{453031C9-4537-4422-B465-C848DEE800CD}.Release|Any CPU.ActiveCfg = Release|Any CPU
		{453031C9-4537-4422-B465-C848DEE800CD}.Release|Any CPU.Build.0 = Release|Any CPU
		{4D121BAB-6567-4F99-9349-406BDF29A817}.Debug|Any CPU.ActiveCfg = Debug|Any CPU
		{4D121BAB-6567-4F99-9349-406BDF29A817}.Debug|Any CPU.Build.0 = Debug|Any CPU
		{4D121BAB-6567-4F99-9349-406BDF29A817}.Release|Any CPU.ActiveCfg = Release|Any CPU
		{4D121BAB-6567-4F99-9349-406BDF29A817}.Release|Any CPU.Build.0 = Release|Any CPU
		{D0FE42C7-DF83-4FD2-A899-0E2B18E86509}.Debug|Any CPU.ActiveCfg = Debug|Any CPU
		{D0FE42C7-DF83-4FD2-A899-0E2B18E86509}.Debug|Any CPU.Build.0 = Debug|Any CPU
		{D0FE42C7-DF83-4FD2-A899-0E2B18E86509}.Release|Any CPU.ActiveCfg = Release|Any CPU
		{D0FE42C7-DF83-4FD2-A899-0E2B18E86509}.Release|Any CPU.Build.0 = Release|Any CPU
		{7BA4D424-1724-4779-890B-AF5103FFC187}.Debug|Any CPU.ActiveCfg = Debug|Any CPU
		{7BA4D424-1724-4779-890B-AF5103FFC187}.Debug|Any CPU.Build.0 = Debug|Any CPU
		{7BA4D424-1724-4779-890B-AF5103FFC187}.Release|Any CPU.ActiveCfg = Release|Any CPU
		{7BA4D424-1724-4779-890B-AF5103FFC187}.Release|Any CPU.Build.0 = Release|Any CPU
	EndGlobalSection
	GlobalSection(SolutionProperties) = preSolution
		HideSolutionNode = FALSE
	EndGlobalSection
	GlobalSection(ExtensibilityGlobals) = postSolution
		SolutionGuid = {9AB6F2F3-90D7-4CDE-9168-22CB00C95A12}
	EndGlobalSection
EndGlobal
